
Microsoft Visual Studio Solution File, Format Version 12.00
# Visual Studio 2012
Project("{FAE04EC0-301F-11D3-BF4B-00C04F79EFBC}") = "RowYourBoat", "RowYourBoat\RowYourBoat.csproj", "{53736A86-4E97-461C-9D76-BC7400DFE404}"
EndProject
Global
	GlobalSection(SolutionConfigurationPlatforms) = preSolution
		Debug|Any CPU = Debug|Any CPU
		Release|Any CPU = Release|Any CPU
	EndGlobalSection
	GlobalSection(ProjectConfigurationPlatforms) = postSolution
		{53736A86-4E97-461C-9D76-BC7400DFE404}.Debug|Any CPU.ActiveCfg = Debug|Any CPU
		{53736A86-4E97-461C-9D76-BC7400DFE404}.Debug|Any CPU.Build.0 = Debug|Any CPU
		{53736A86-4E97-461C-9D76-BC7400DFE404}.Release|Any CPU.ActiveCfg = Release|Any CPU
		{53736A86-4E97-461C-9D76-BC7400DFE404}.Release|Any CPU.Build.0 = Release|Any CPU
	EndGlobalSection
	GlobalSection(SolutionProperties) = preSolution
		HideSolutionNode = FALSE
	EndGlobalSection
EndGlobal
